
Microsoft Visual Studio Solution File, Format Version 12.00
# Visual Studio Version 17
VisualStudioVersion = 17.2.32616.157
MinimumVisualStudioVersion = 10.0.40219.1
Project("{FAE04EC0-301F-11D3-BF4B-00C04F79EFBC}") = "Module3_HW5_Task2_MultyThread", "Module3_HW5_Task2_MultyThread\Module3_HW5_Task2_MultyThread.csproj", "{4C90E6DB-8873-465F-AB46-37FE9FADF427}"
EndProject
Global
	GlobalSection(SolutionConfigurationPlatforms) = preSolution
		Debug|Any CPU = Debug|Any CPU
		Release|Any CPU = Release|Any CPU
	EndGlobalSection
	GlobalSection(ProjectConfigurationPlatforms) = postSolution
		{4C90E6DB-8873-465F-AB46-37FE9FADF427}.Debug|Any CPU.ActiveCfg = Debug|Any CPU
		{4C90E6DB-8873-465F-AB46-37FE9FADF427}.Debug|Any CPU.Build.0 = Debug|Any CPU
		{4C90E6DB-8873-465F-AB46-37FE9FADF427}.Release|Any CPU.ActiveCfg = Release|Any CPU
		{4C90E6DB-8873-465F-AB46-37FE9FADF427}.Release|Any CPU.Build.0 = Release|Any CPU
	EndGlobalSection
	GlobalSection(SolutionProperties) = preSolution
		HideSolutionNode = FALSE
	EndGlobalSection
	GlobalSection(ExtensibilityGlobals) = postSolution
		SolutionGuid = {5511F777-5D0D-411C-BDC3-CE86E3E494EA}
	EndGlobalSection
EndGlobal
