
Microsoft Visual Studio Solution File, Format Version 12.00
# Visual Studio Version 17
VisualStudioVersion = 17.2.32616.157
MinimumVisualStudioVersion = 10.0.40219.1
Project("{FAE04EC0-301F-11D3-BF4B-00C04F79EFBC}") = "dotNet_lab1", "dotNet_lab1\dotNet_lab1.csproj", "{79F83415-710D-42DB-AF90-E759ABD474A9}"
EndProject
Global
	GlobalSection(SolutionConfigurationPlatforms) = preSolution
		Debug|Any CPU = Debug|Any CPU
		Release|Any CPU = Release|Any CPU
	EndGlobalSection
	GlobalSection(ProjectConfigurationPlatforms) = postSolution
		{79F83415-710D-42DB-AF90-E759ABD474A9}.Debug|Any CPU.ActiveCfg = Debug|Any CPU
		{79F83415-710D-42DB-AF90-E759ABD474A9}.Debug|Any CPU.Build.0 = Debug|Any CPU
		{79F83415-710D-42DB-AF90-E759ABD474A9}.Release|Any CPU.ActiveCfg = Release|Any CPU
		{79F83415-710D-42DB-AF90-E759ABD474A9}.Release|Any CPU.Build.0 = Release|Any CPU
	EndGlobalSection
	GlobalSection(SolutionProperties) = preSolution
		HideSolutionNode = FALSE
	EndGlobalSection
	GlobalSection(ExtensibilityGlobals) = postSolution
		SolutionGuid = {1867817B-6D1C-4202-9DDD-77073A7D5C9D}
	EndGlobalSection
EndGlobal
