
Microsoft Visual Studio Solution File, Format Version 12.00
# Visual Studio Version 17
VisualStudioVersion = 17.2.32616.157
MinimumVisualStudioVersion = 10.0.40219.1
Project("{FAE04EC0-301F-11D3-BF4B-00C04F79EFBC}") = "Hw4_Module", "Hw4_Module\Hw4_Module.csproj", "{5C6DEFB6-DEB4-4DF7-B4D4-4BE0C7568B03}"
EndProject
Global
	GlobalSection(SolutionConfigurationPlatforms) = preSolution
		Debug|Any CPU = Debug|Any CPU
		Release|Any CPU = Release|Any CPU
	EndGlobalSection
	GlobalSection(ProjectConfigurationPlatforms) = postSolution
		{5C6DEFB6-DEB4-4DF7-B4D4-4BE0C7568B03}.Debug|Any CPU.ActiveCfg = Debug|Any CPU
		{5C6DEFB6-DEB4-4DF7-B4D4-4BE0C7568B03}.Debug|Any CPU.Build.0 = Debug|Any CPU
		{5C6DEFB6-DEB4-4DF7-B4D4-4BE0C7568B03}.Release|Any CPU.ActiveCfg = Release|Any CPU
		{5C6DEFB6-DEB4-4DF7-B4D4-4BE0C7568B03}.Release|Any CPU.Build.0 = Release|Any CPU
	EndGlobalSection
	GlobalSection(SolutionProperties) = preSolution
		HideSolutionNode = FALSE
	EndGlobalSection
	GlobalSection(ExtensibilityGlobals) = postSolution
		SolutionGuid = {7896F68F-6600-438F-B7CA-FC2D891DD603}
	EndGlobalSection
EndGlobal
